
Microsoft Visual Studio Solution File, Format Version 12.00
# Visual Studio Version 17
VisualStudioVersion = 17.7.34202.233
MinimumVisualStudioVersion = 10.0.40219.1
Project("{FAE04EC0-301F-11D3-BF4B-00C04F79EFBC}") = "EntParser", "EntParser\EntParser.csproj", "{EADB93E4-6EB5-4A5C-A61C-B27CA3EEB189}"
EndProject
Global
	GlobalSection(SolutionConfigurationPlatforms) = preSolution
		Debug|Any CPU = Debug|Any CPU
		Release|Any CPU = Release|Any CPU
	EndGlobalSection
	GlobalSection(ProjectConfigurationPlatforms) = postSolution
		{EADB93E4-6EB5-4A5C-A61C-B27CA3EEB189}.Debug|Any CPU.ActiveCfg = Debug|Any CPU
		{EADB93E4-6EB5-4A5C-A61C-B27CA3EEB189}.Debug|Any CPU.Build.0 = Debug|Any CPU
		{EADB93E4-6EB5-4A5C-A61C-B27CA3EEB189}.Release|Any CPU.ActiveCfg = Release|Any CPU
		{EADB93E4-6EB5-4A5C-A61C-B27CA3EEB189}.Release|Any CPU.Build.0 = Release|Any CPU
	EndGlobalSection
	GlobalSection(SolutionProperties) = preSolution
		HideSolutionNode = FALSE
	EndGlobalSection
	GlobalSection(ExtensibilityGlobals) = postSolution
		SolutionGuid = {6CCAEF3E-D750-413A-86CA-D0962E3B8E03}
	EndGlobalSection
EndGlobal
